
Microsoft Visual Studio Solution File, Format Version 12.00
# Visual Studio Version 16
VisualStudioVersion = 16.0.31105.61
MinimumVisualStudioVersion = 10.0.40219.1
Project("{FAE04EC0-301F-11D3-BF4B-00C04F79EFBC}") = "LibraryAPI", "LibraryAPI\LibraryAPI.csproj", "{52677274-870E-413C-8F36-1BC1E3214A08}"
EndProject
Global
	GlobalSection(SolutionConfigurationPlatforms) = preSolution
		Debug|Any CPU = Debug|Any CPU
		Release|Any CPU = Release|Any CPU
	EndGlobalSection
	GlobalSection(ProjectConfigurationPlatforms) = postSolution
		{52677274-870E-413C-8F36-1BC1E3214A08}.Debug|Any CPU.ActiveCfg = Debug|Any CPU
		{52677274-870E-413C-8F36-1BC1E3214A08}.Debug|Any CPU.Build.0 = Debug|Any CPU
		{52677274-870E-413C-8F36-1BC1E3214A08}.Release|Any CPU.ActiveCfg = Release|Any CPU
		{52677274-870E-413C-8F36-1BC1E3214A08}.Release|Any CPU.Build.0 = Release|Any CPU
	EndGlobalSection
	GlobalSection(SolutionProperties) = preSolution
		HideSolutionNode = FALSE
	EndGlobalSection
	GlobalSection(ExtensibilityGlobals) = postSolution
		SolutionGuid = {7C70FD47-749E-4E8B-A3F6-5910D7AE2DED}
	EndGlobalSection
EndGlobal
